<?xml version="1.0" encoding="utf-8"?>
<Project ToolsVersion="4.0" xmlns="http://schemas.microsoft.com/developer/msbuild/2003">
  <ItemGroup>
    <Filter Include="源文件">
      <UniqueIdentifier>{4FC737F1-C7A5-4376-A066-2A32D752A2FF}</UniqueIdentifier>
      <Extensions>cpp;c;cc;cxx;c++;cppm;ixx;def;odl;idl;hpj;bat;asm;asmx</Extensions>
    </Filter>
    <Filter Include="头文件">
      <UniqueIdentifier>{93995380-89BD-4b04-88EB-625FBE52EBFB}</UniqueIdentifier>
      <Extensions>h;hh;hpp;hxx;h++;hm;inl;inc;ipp;xsd</Extensions>
    </Filter>
    <Filter Include="资源文件">
      <UniqueIdentifier>{67DA6AB6-F800-4c08-8B7A-83BB121AAD01}</UniqueIdentifier>
      <Extensions>rc;ico;cur;bmp;dlg;rc2;rct;bin;rgs;gif;jpg;jpeg;jpe;resx;tiff;tif;png;wav;mfcribbon-ms</Extensions>
    </Filter>
  </ItemGroup>
  <ItemGroup>
    <ClCompile Include="ProjectPixel.cpp">
      <Filter>源文件</Filter>
    </ClCompile>
    <ClCompile Include="pch.cpp">
      <Filter>源文件</Filter>
    </ClCompile>
    <ClCompile Include="utils\Window.cpp">
      <Filter>源文件</Filter>
    </ClCompile>
    <ClCompile Include="utils\FrameTimer.cpp">
      <Filter>源文件</Filter>
    </ClCompile>
    <ClCompile Include="driver\ShaderProgram.cpp">
      <Filter>源文件</Filter>
    </ClCompile>
    <ClCompile Include="driver\Texture.cpp">
      <Filter>源文件</Filter>
    </ClCompile>
    <ClCompile Include="driver\VAO.cpp">
      <Filter>源文件</Filter>
    </ClCompile>
    <ClCompile Include="utils\Camera.cpp">
      <Filter>源文件</Filter>
    </ClCompile>
    <ClCompile Include="driver\AssetsHub.cpp">
      <Filter>源文件</Filter>
    </ClCompile>
    <ClCompile Include="driver\EmbbedAssets.cpp">
      <Filter>源文件</Filter>
    </ClCompile>
    <ClCompile Include="driver\Text.cpp">
      <Filter>源文件</Filter>
    </ClCompile>
    <ClCompile Include="driver\Uniform.cpp">
      <Filter>源文件</Filter>
    </ClCompile>
    <ClCompile Include="driver\Light.cpp">
      <Filter>源文件</Filter>
    </ClCompile>
    <ClCompile Include="game\Objects.cpp">
      <Filter>源文件</Filter>
    </ClCompile>
    <ClCompile Include="game\Level.cpp">
      <Filter>源文件</Filter>
    </ClCompile>
    <ClCompile Include="game\Terrain.cpp">
      <Filter>源文件</Filter>
    </ClCompile>
    <ClCompile Include="game\Processor.cpp">
      <Filter>源文件</Filter>
    </ClCompile>
    <ClCompile Include="game\Entity.cpp">
      <Filter>源文件</Filter>
    </ClCompile>
    <ClCompile Include="game\Game.cpp">
      <Filter>源文件</Filter>
    </ClCompile>
  </ItemGroup>
  <ItemGroup>
    <ClInclude Include="pch.h">
      <Filter>头文件</Filter>
    </ClInclude>
    <ClInclude Include="utils\Window.h">
      <Filter>头文件</Filter>
    </ClInclude>
    <ClInclude Include="utils\pch.h">
      <Filter>头文件</Filter>
    </ClInclude>
    <ClInclude Include="utils\FrameTimer.h">
      <Filter>头文件</Filter>
    </ClInclude>
    <ClInclude Include="utils\Threading.h">
      <Filter>头文件</Filter>
    </ClInclude>
    <ClInclude Include="utils\Debug.h">
      <Filter>头文件</Filter>
    </ClInclude>
    <ClInclude Include="driver\pch.h">
      <Filter>头文件</Filter>
    </ClInclude>
    <ClInclude Include="driver\ShaderProgram.h">
      <Filter>头文件</Filter>
    </ClInclude>
    <ClInclude Include="utils\Utils.h">
      <Filter>头文件</Filter>
    </ClInclude>
    <ClInclude Include="driver\Texture.h">
      <Filter>头文件</Filter>
    </ClInclude>
    <ClInclude Include="driver\VAO.h">
      <Filter>头文件</Filter>
    </ClInclude>
    <ClInclude Include="utils\Camera.h">
      <Filter>头文件</Filter>
    </ClInclude>
    <ClInclude Include="driver\AssetsHub.h">
      <Filter>头文件</Filter>
    </ClInclude>
    <ClInclude Include="driver\EmbbedAssets.h">
      <Filter>头文件</Filter>
    </ClInclude>
    <ClInclude Include="driver\Text.h">
      <Filter>头文件</Filter>
    </ClInclude>
    <ClInclude Include="driver\Uniform.h">
      <Filter>头文件</Filter>
    </ClInclude>
    <ClInclude Include="driver\Light.h">
      <Filter>头文件</Filter>
    </ClInclude>
    <ClInclude Include="game\Objects.h">
      <Filter>头文件</Filter>
    </ClInclude>
    <ClInclude Include="game\Level.h">
      <Filter>头文件</Filter>
    </ClInclude>
    <ClInclude Include="game\pch.h">
      <Filter>头文件</Filter>
    </ClInclude>
    <ClInclude Include="game\Terrain.h">
      <Filter>头文件</Filter>
    </ClInclude>
    <ClInclude Include="game\Processor.h">
      <Filter>头文件</Filter>
    </ClInclude>
    <ClInclude Include="game\Instructions.h">
      <Filter>头文件</Filter>
    </ClInclude>
    <ClInclude Include="game\Entity.h">
      <Filter>头文件</Filter>
    </ClInclude>
    <ClInclude Include="game\Game.h">
      <Filter>头文件</Filter>
    </ClInclude>
    <ClInclude Include="utils\Geomentry.h">
      <Filter>头文件</Filter>
    </ClInclude>
  </ItemGroup>
  <ItemGroup>
    <None Include=".clang-format" />
    <None Include="cpp.hint" />
  </ItemGroup>
</Project>